
Microsoft Visual Studio Solution File, Format Version 12.00
# Visual Studio 15
VisualStudioVersion = 15.0.27428.2027
MinimumVisualStudioVersion = 10.0.40219.1
Project("{9A19103F-16F7-4668-BE54-9A1E7A4F7556}") = "Unity.DocTool.XMLDocHandler", "Unity.DocTool.XMLDocHandler.csproj", "{F66D4EE4-B665-47BF-BF29-FDD05406C7BF}"
EndProject
Project("{9A19103F-16F7-4668-BE54-9A1E7A4F7556}") = "Unity.DocTool.XMLDocHandler.Driver", "..\Unity.DocTool.XMLDocHandler.Driver\Unity.DocTool.XMLDocHandler.Driver.csproj", "{992C73DD-80A2-4ACE-8B51-EFBEDC5C239D}"
EndProject
Project("{9A19103F-16F7-4668-BE54-9A1E7A4F7556}") = "Unity.Options", "..\Unity.Options\Unity.Options.csproj", "{931C2778-A9FE-4811-BEC4-02E71CDF71CF}"
EndProject
Project("{9A19103F-16F7-4668-BE54-9A1E7A4F7556}") = "Unity.DocTool.XMLDocHandler.TestUtilities", "..\Unity.DocTool.XMLDocHandler.TestUtilities\Unity.DocTool.XMLDocHandler.TestUtilities.csproj", "{996628A2-11EF-4C46-B2D0-FAA011DCD753}"
EndProject
Project("{9A19103F-16F7-4668-BE54-9A1E7A4F7556}") = "Unity.DocTool.XMLDocHandler.Tests", "..\Unity.DocTool.XMLDocHandler.Tests\Unity.DocTool.XMLDocHandler.Tests.csproj", "{548CD5E3-DADF-45DA-A359-760D123FE896}"
EndProject
Global
	GlobalSection(SolutionConfigurationPlatforms) = preSolution
		Debug|Any CPU = Debug|Any CPU
		Release|Any CPU = Release|Any CPU
	EndGlobalSection
	GlobalSection(ProjectConfigurationPlatforms) = postSolution
		{F66D4EE4-B665-47BF-BF29-FDD05406C7BF}.Debug|Any CPU.ActiveCfg = Debug|Any CPU
		{F66D4EE4-B665-47BF-BF29-FDD05406C7BF}.Debug|Any CPU.Build.0 = Debug|Any CPU
		{F66D4EE4-B665-47BF-BF29-FDD05406C7BF}.Release|Any CPU.ActiveCfg = Release|Any CPU
		{F66D4EE4-B665-47BF-BF29-FDD05406C7BF}.Release|Any CPU.Build.0 = Release|Any CPU
		{992C73DD-80A2-4ACE-8B51-EFBEDC5C239D}.Debug|Any CPU.ActiveCfg = Debug|Any CPU
		{992C73DD-80A2-4ACE-8B51-EFBEDC5C239D}.Debug|Any CPU.Build.0 = Debug|Any CPU
		{992C73DD-80A2-4ACE-8B51-EFBEDC5C239D}.Release|Any CPU.ActiveCfg = Release|Any CPU
		{992C73DD-80A2-4ACE-8B51-EFBEDC5C239D}.Release|Any CPU.Build.0 = Release|Any CPU
		{931C2778-A9FE-4811-BEC4-02E71CDF71CF}.Debug|Any CPU.ActiveCfg = Debug|Any CPU
		{931C2778-A9FE-4811-BEC4-02E71CDF71CF}.Debug|Any CPU.Build.0 = Debug|Any CPU
		{931C2778-A9FE-4811-BEC4-02E71CDF71CF}.Release|Any CPU.ActiveCfg = Release|Any CPU
		{931C2778-A9FE-4811-BEC4-02E71CDF71CF}.Release|Any CPU.Build.0 = Release|Any CPU
		{996628A2-11EF-4C46-B2D0-FAA011DCD753}.Debug|Any CPU.ActiveCfg = Debug|Any CPU
		{996628A2-11EF-4C46-B2D0-FAA011DCD753}.Debug|Any CPU.Build.0 = Debug|Any CPU
		{996628A2-11EF-4C46-B2D0-FAA011DCD753}.Release|Any CPU.ActiveCfg = Release|Any CPU
		{996628A2-11EF-4C46-B2D0-FAA011DCD753}.Release|Any CPU.Build.0 = Release|Any CPU
		{548CD5E3-DADF-45DA-A359-760D123FE896}.Debug|Any CPU.ActiveCfg = Debug|Any CPU
		{548CD5E3-DADF-45DA-A359-760D123FE896}.Debug|Any CPU.Build.0 = Debug|Any CPU
		{548CD5E3-DADF-45DA-A359-760D123FE896}.Release|Any CPU.ActiveCfg = Release|Any CPU
		{548CD5E3-DADF-45DA-A359-760D123FE896}.Release|Any CPU.Build.0 = Release|Any CPU
	EndGlobalSection
	GlobalSection(SolutionProperties) = preSolution
		HideSolutionNode = FALSE
	EndGlobalSection
	GlobalSection(ExtensibilityGlobals) = postSolution
		SolutionGuid = {C9A5C8E8-319D-4702-848A-3C800BC70AF4}
	EndGlobalSection
EndGlobal
